
Microsoft Visual Studio Solution File, Format Version 12.00
# Visual Studio Version 17
VisualStudioVersion = 17.14.36121.58 d17.14
MinimumVisualStudioVersion = 10.0.40219.1
Project("{888888A0-9F3D-457C-B088-3A5042F75D52}") = "internprojectcandidatefilter", "internprojectcandidatefilter.pyproj", "{782D820E-BEB4-411B-A1CF-437D65E53CC3}"
EndProject
Global
	GlobalSection(SolutionConfigurationPlatforms) = preSolution
		Debug|Any CPU = Debug|Any CPU
		Release|Any CPU = Release|Any CPU
	EndGlobalSection
	GlobalSection(ProjectConfigurationPlatforms) = postSolution
		{782D820E-BEB4-411B-A1CF-437D65E53CC3}.Debug|Any CPU.ActiveCfg = Debug|Any CPU
		{782D820E-BEB4-411B-A1CF-437D65E53CC3}.Release|Any CPU.ActiveCfg = Release|Any CPU
	EndGlobalSection
	GlobalSection(SolutionProperties) = preSolution
		HideSolutionNode = FALSE
	EndGlobalSection
	GlobalSection(ExtensibilityGlobals) = postSolution
		SolutionGuid = {492E2872-B775-46C5-9F12-7D968218BBFD}
	EndGlobalSection
EndGlobal
